
Microsoft Visual Studio Solution File, Format Version 12.00
# Visual Studio 15
VisualStudioVersion = 15.0.28307.421
MinimumVisualStudioVersion = 10.0.40219.1
Project("{FAE04EC0-301F-11D3-BF4B-00C04F79EFBC}") = "SistemaNetCore", "SistemaNetCore\SistemaNetCore.csproj", "{BAB7DF53-154F-4BB0-B130-7324C74ED101}"
EndProject
Global
	GlobalSection(SolutionConfigurationPlatforms) = preSolution
		Debug|Any CPU = Debug|Any CPU
		Release|Any CPU = Release|Any CPU
	EndGlobalSection
	GlobalSection(ProjectConfigurationPlatforms) = postSolution
		{BAB7DF53-154F-4BB0-B130-7324C74ED101}.Debug|Any CPU.ActiveCfg = Debug|Any CPU
		{BAB7DF53-154F-4BB0-B130-7324C74ED101}.Debug|Any CPU.Build.0 = Debug|Any CPU
		{BAB7DF53-154F-4BB0-B130-7324C74ED101}.Release|Any CPU.ActiveCfg = Release|Any CPU
		{BAB7DF53-154F-4BB0-B130-7324C74ED101}.Release|Any CPU.Build.0 = Release|Any CPU
	EndGlobalSection
	GlobalSection(SolutionProperties) = preSolution
		HideSolutionNode = FALSE
	EndGlobalSection
	GlobalSection(ExtensibilityGlobals) = postSolution
		SolutionGuid = {4116DE88-2C10-4A05-BC68-C29216D30D88}
	EndGlobalSection
EndGlobal
